
Microsoft Visual Studio Solution File, Format Version 12.00
# Visual Studio Version 17
VisualStudioVersion = 17.11.35222.181
MinimumVisualStudioVersion = 10.0.40219.1
Project("{FAE04EC0-301F-11D3-BF4B-00C04F79EFBC}") = "GitHubDemoProject", "GitHubDemoProject\GitHubDemoProject.csproj", "{1F68F917-9F8C-46C6-81C8-EE7079C4C9E3}"
EndProject
Global
	GlobalSection(SolutionConfigurationPlatforms) = preSolution
		Debug|Any CPU = Debug|Any CPU
		Release|Any CPU = Release|Any CPU
	EndGlobalSection
	GlobalSection(ProjectConfigurationPlatforms) = postSolution
		{1F68F917-9F8C-46C6-81C8-EE7079C4C9E3}.Debug|Any CPU.ActiveCfg = Debug|Any CPU
		{1F68F917-9F8C-46C6-81C8-EE7079C4C9E3}.Debug|Any CPU.Build.0 = Debug|Any CPU
		{1F68F917-9F8C-46C6-81C8-EE7079C4C9E3}.Release|Any CPU.ActiveCfg = Release|Any CPU
		{1F68F917-9F8C-46C6-81C8-EE7079C4C9E3}.Release|Any CPU.Build.0 = Release|Any CPU
	EndGlobalSection
	GlobalSection(SolutionProperties) = preSolution
		HideSolutionNode = FALSE
	EndGlobalSection
	GlobalSection(ExtensibilityGlobals) = postSolution
		SolutionGuid = {94CB8DA3-2C4B-4CA8-B99F-47C8BE347D47}
	EndGlobalSection
EndGlobal
